
Microsoft Visual Studio Solution File, Format Version 12.00
# Visual Studio Version 17
VisualStudioVersion = 17.6.33815.320
MinimumVisualStudioVersion = 10.0.40219.1
Project("{FAE04EC0-301F-11D3-BF4B-00C04F79EFBC}") = "vsapp", "vsapp\vsapp.csproj", "{3D2EC9E4-2A0B-4E7B-907B-025DC9CC3ADA}"
EndProject
Global
	GlobalSection(SolutionConfigurationPlatforms) = preSolution
		Debug|Any CPU = Debug|Any CPU
		Release|Any CPU = Release|Any CPU
	EndGlobalSection
	GlobalSection(ProjectConfigurationPlatforms) = postSolution
		{3D2EC9E4-2A0B-4E7B-907B-025DC9CC3ADA}.Debug|Any CPU.ActiveCfg = Debug|Any CPU
		{3D2EC9E4-2A0B-4E7B-907B-025DC9CC3ADA}.Debug|Any CPU.Build.0 = Debug|Any CPU
		{3D2EC9E4-2A0B-4E7B-907B-025DC9CC3ADA}.Release|Any CPU.ActiveCfg = Release|Any CPU
		{3D2EC9E4-2A0B-4E7B-907B-025DC9CC3ADA}.Release|Any CPU.Build.0 = Release|Any CPU
	EndGlobalSection
	GlobalSection(SolutionProperties) = preSolution
		HideSolutionNode = FALSE
	EndGlobalSection
	GlobalSection(ExtensibilityGlobals) = postSolution
		SolutionGuid = {E15F9447-9433-4D4B-BC97-54C11C4B6A46}
	EndGlobalSection
EndGlobal
